
Microsoft Visual Studio Solution File, Format Version 12.00
# Visual Studio Version 16
VisualStudioVersion = 16.0.30524.135
MinimumVisualStudioVersion = 10.0.40219.1
Project("{FAE04EC0-301F-11D3-BF4B-00C04F79EFBC}") = "BlazorWasmPwa.Server", "Server\BlazorWasmPwa.Server.csproj", "{AA1B69FB-B2B6-43F3-86A4-C17AD92737B8}"
EndProject
Project("{FAE04EC0-301F-11D3-BF4B-00C04F79EFBC}") = "BlazorWasmPwa.Client", "Client\BlazorWasmPwa.Client.csproj", "{F39837CA-F91D-47FB-9308-A77FCAD9570A}"
EndProject
Project("{FAE04EC0-301F-11D3-BF4B-00C04F79EFBC}") = "BlazorWasmPwa.Shared", "Shared\BlazorWasmPwa.Shared.csproj", "{AA7E49C2-0177-4509-8339-9A470A5CB69F}"
EndProject
Global
	GlobalSection(SolutionConfigurationPlatforms) = preSolution
		Debug|Any CPU = Debug|Any CPU
		Release|Any CPU = Release|Any CPU
	EndGlobalSection
	GlobalSection(ProjectConfigurationPlatforms) = postSolution
		{AA1B69FB-B2B6-43F3-86A4-C17AD92737B8}.Debug|Any CPU.ActiveCfg = Debug|Any CPU
		{AA1B69FB-B2B6-43F3-86A4-C17AD92737B8}.Debug|Any CPU.Build.0 = Debug|Any CPU
		{AA1B69FB-B2B6-43F3-86A4-C17AD92737B8}.Release|Any CPU.ActiveCfg = Release|Any CPU
		{AA1B69FB-B2B6-43F3-86A4-C17AD92737B8}.Release|Any CPU.Build.0 = Release|Any CPU
		{F39837CA-F91D-47FB-9308-A77FCAD9570A}.Debug|Any CPU.ActiveCfg = Debug|Any CPU
		{F39837CA-F91D-47FB-9308-A77FCAD9570A}.Debug|Any CPU.Build.0 = Debug|Any CPU
		{F39837CA-F91D-47FB-9308-A77FCAD9570A}.Release|Any CPU.ActiveCfg = Release|Any CPU
		{F39837CA-F91D-47FB-9308-A77FCAD9570A}.Release|Any CPU.Build.0 = Release|Any CPU
		{AA7E49C2-0177-4509-8339-9A470A5CB69F}.Debug|Any CPU.ActiveCfg = Debug|Any CPU
		{AA7E49C2-0177-4509-8339-9A470A5CB69F}.Debug|Any CPU.Build.0 = Debug|Any CPU
		{AA7E49C2-0177-4509-8339-9A470A5CB69F}.Release|Any CPU.ActiveCfg = Release|Any CPU
		{AA7E49C2-0177-4509-8339-9A470A5CB69F}.Release|Any CPU.Build.0 = Release|Any CPU
	EndGlobalSection
	GlobalSection(SolutionProperties) = preSolution
		HideSolutionNode = FALSE
	EndGlobalSection
	GlobalSection(ExtensibilityGlobals) = postSolution
		SolutionGuid = {F20EC0AA-EDFD-4C0D-B2D8-AFD00073D9E6}
	EndGlobalSection
EndGlobal
